// !$*UTF8*$!
{
	archiveVersion = 1;
	classes = {
	};
	objectVersion = 46;
	objects = {

/* Begin PBXBuildFile section */
		94F0FCBEFC57350E863119D0 /* libPods-Droncon.a in Frameworks */ = {isa = PBXBuildFile; fileRef = F7D91374BAD2CD5F29BD2846 /* libPods-Droncon.a */; };
		A52F5A9D1B15B2620099C88C /* RKIndicatorLight.swift in Sources */ = {isa = PBXBuildFile; fileRef = A52F5A9C1B15B2620099C88C /* RKIndicatorLight.swift */; };
		A54B558D1B077C400096570D /* PlanViewController.swift in Sources */ = {isa = PBXBuildFile; fileRef = A54B558C1B077C400096570D /* PlanViewController.swift */; };
		A5EB66D41AF9CA4F002CB83C /* AppDelegate.swift in Sources */ = {isa = PBXBuildFile; fileRef = A5EB66D31AF9CA4F002CB83C /* AppDelegate.swift */; };
		A5EB66D61AF9CA4F002CB83C /* ViewController.swift in Sources */ = {isa = PBXBuildFile; fileRef = A5EB66D51AF9CA4F002CB83C /* ViewController.swift */; };
		A5EB66D91AF9CA4F002CB83C /* Main.storyboard in Resources */ = {isa = PBXBuildFile; fileRef = A5EB66D71AF9CA4F002CB83C /* Main.storyboard */; };
		A5EB66DB1AF9CA4F002CB83C /* Images.xcassets in Resources */ = {isa = PBXBuildFile; fileRef = A5EB66DA1AF9CA4F002CB83C /* Images.xcassets */; };
		A5FA6D711AF9FDDA0050FA12 /* SocketAdapter.swift in Sources */ = {isa = PBXBuildFile; fileRef = A5FA6D701AF9FDDA0050FA12 /* SocketAdapter.swift */; };
		A5FA6D781AF9FE080050FA12 /* JSONKit.m in Sources */ = {isa = PBXBuildFile; fileRef = A5FA6D771AF9FE080050FA12 /* JSONKit.m */; };
/* End PBXBuildFile section */

/* Begin PBXFileReference section */
		82CC0CB015D9F4B4C2497026 /* Pods-Droncon.debug.xcconfig */ = {isa = PBXFileReference; includeInIndex = 1; lastKnownFileType = text.xcconfig; name = "Pods-Droncon.debug.xcconfig"; path = "Pods/Target Support Files/Pods-Droncon/Pods-Droncon.debug.xcconfig"; sourceTree = "<group>"; };
		A52F5A9C1B15B2620099C88C /* RKIndicatorLight.swift */ = {isa = PBXFileReference; fileEncoding = 4; lastKnownFileType = sourcecode.swift; path = RKIndicatorLight.swift; sourceTree = "<group>"; };
		A54B558C1B077C400096570D /* PlanViewController.swift */ = {isa = PBXFileReference; fileEncoding = 4; lastKnownFileType = sourcecode.swift; path = PlanViewController.swift; sourceTree = "<group>"; };
		A5EB66CE1AF9CA4F002CB83C /* Droncon.app */ = {isa = PBXFileReference; explicitFileType = wrapper.application; includeInIndex = 0; path = Droncon.app; sourceTree = BUILT_PRODUCTS_DIR; };
		A5EB66D21AF9CA4F002CB83C /* Info.plist */ = {isa = PBXFileReference; lastKnownFileType = text.plist.xml; path = Info.plist; sourceTree = "<group>"; };
		A5EB66D31AF9CA4F002CB83C /* AppDelegate.swift */ = {isa = PBXFileReference; lastKnownFileType = sourcecode.swift; path = AppDelegate.swift; sourceTree = "<group>"; };
		A5EB66D51AF9CA4F002CB83C /* ViewController.swift */ = {isa = PBXFileReference; lastKnownFileType = sourcecode.swift; path = ViewController.swift; sourceTree = "<group>"; };
		A5EB66D81AF9CA4F002CB83C /* Base */ = {isa = PBXFileReference; lastKnownFileType = file.storyboard; name = Base; path = Base.lproj/Main.storyboard; sourceTree = "<group>"; };
		A5EB66DA1AF9CA4F002CB83C /* Images.xcassets */ = {isa = PBXFileReference; lastKnownFileType = folder.assetcatalog; path = Images.xcassets; sourceTree = "<group>"; };
		A5FA6D701AF9FDDA0050FA12 /* SocketAdapter.swift */ = {isa = PBXFileReference; fileEncoding = 4; lastKnownFileType = sourcecode.swift; path = SocketAdapter.swift; sourceTree = "<group>"; };
		A5FA6D721AF9FDEC0050FA12 /* Droncon-Bridging-Header.h */ = {isa = PBXFileReference; lastKnownFileType = sourcecode.c.h; path = "Droncon-Bridging-Header.h"; sourceTree = "<group>"; };
		A5FA6D761AF9FE080050FA12 /* JSONKit.h */ = {isa = PBXFileReference; fileEncoding = 4; lastKnownFileType = sourcecode.c.h; path = JSONKit.h; sourceTree = "<group>"; };
		A5FA6D771AF9FE080050FA12 /* JSONKit.m */ = {isa = PBXFileReference; fileEncoding = 4; lastKnownFileType = sourcecode.c.objc; path = JSONKit.m; sourceTree = "<group>"; };
		E4F658EA91E6A88EA121E961 /* Pods-Droncon.release.xcconfig */ = {isa = PBXFileReference; includeInIndex = 1; lastKnownFileType = text.xcconfig; name = "Pods-Droncon.release.xcconfig"; path = "Pods/Target Support Files/Pods-Droncon/Pods-Droncon.release.xcconfig"; sourceTree = "<group>"; };
		F7D91374BAD2CD5F29BD2846 /* libPods-Droncon.a */ = {isa = PBXFileReference; explicitFileType = archive.ar; includeInIndex = 0; path = "libPods-Droncon.a"; sourceTree = BUILT_PRODUCTS_DIR; };
/* End PBXFileReference section */

/* Begin PBXFrameworksBuildPhase section */
		A5EB66CB1AF9CA4F002CB83C /* Frameworks */ = {
			isa = PBXFrameworksBuildPhase;
			buildActionMask = 2147483647;
			files = (
				94F0FCBEFC57350E863119D0 /* libPods-Droncon.a in Frameworks */,
			);
			runOnlyForDeploymentPostprocessing = 0;
		};
/* End PBXFrameworksBuildPhase section */

/* Begin PBXGroup section */
		49E276CECC5FF5A5F3097CAA /* Pods */ = {
			isa = PBXGroup;
			children = (
				82CC0CB015D9F4B4C2497026 /* Pods-Droncon.debug.xcconfig */,
				E4F658EA91E6A88EA121E961 /* Pods-Droncon.release.xcconfig */,
			);
			name = Pods;
			sourceTree = "<group>";
		};
		7E77C4577E2C249DB3A9F728 /* Frameworks */ = {
			isa = PBXGroup;
			children = (
				F7D91374BAD2CD5F29BD2846 /* libPods-Droncon.a */,
			);
			name = Frameworks;
			sourceTree = "<group>";
		};
		A5EB66C51AF9CA4F002CB83C = {
			isa = PBXGroup;
			children = (
				A5EB66D01AF9CA4F002CB83C /* Droncon */,
				A5EB66CF1AF9CA4F002CB83C /* Products */,
				49E276CECC5FF5A5F3097CAA /* Pods */,
				7E77C4577E2C249DB3A9F728 /* Frameworks */,
			);
			sourceTree = "<group>";
		};
		A5EB66CF1AF9CA4F002CB83C /* Products */ = {
			isa = PBXGroup;
			children = (
				A5EB66CE1AF9CA4F002CB83C /* Droncon.app */,
			);
			name = Products;
			sourceTree = "<group>";
		};
		A5EB66D01AF9CA4F002CB83C /* Droncon */ = {
			isa = PBXGroup;
			children = (
				A5EB66D31AF9CA4F002CB83C /* AppDelegate.swift */,
				A5EB66D51AF9CA4F002CB83C /* ViewController.swift */,
				A54B558C1B077C400096570D /* PlanViewController.swift */,
				A5FA6D701AF9FDDA0050FA12 /* SocketAdapter.swift */,
				A52F5A9C1B15B2620099C88C /* RKIndicatorLight.swift */,
				A5EB66D71AF9CA4F002CB83C /* Main.storyboard */,
				A5EB66DA1AF9CA4F002CB83C /* Images.xcassets */,
				A5FA6D721AF9FDEC0050FA12 /* Droncon-Bridging-Header.h */,
				A5FA6D7A1AF9FE1A0050FA12 /* Vendor */,
				A5EB66D11AF9CA4F002CB83C /* Supporting Files */,
			);
			path = Droncon;
			sourceTree = "<group>";
		};
		A5EB66D11AF9CA4F002CB83C /* Supporting Files */ = {
			isa = PBXGroup;
			children = (
				A5EB66D21AF9CA4F002CB83C /* Info.plist */,
			);
			name = "Supporting Files";
			sourceTree = "<group>";
		};
		A5FA6D791AF9FE130050FA12 /* JSONKit */ = {
			isa = PBXGroup;
			children = (
				A5FA6D761AF9FE080050FA12 /* JSONKit.h */,
				A5FA6D771AF9FE080050FA12 /* JSONKit.m */,
			);
			name = JSONKit;
			sourceTree = "<group>";
		};
		A5FA6D7A1AF9FE1A0050FA12 /* Vendor */ = {
			isa = PBXGroup;
			children = (
				A5FA6D791AF9FE130050FA12 /* JSONKit */,
			);
			name = Vendor;
			sourceTree = "<group>";
		};
/* End PBXGroup section */

/* Begin PBXNativeTarget section */
		A5EB66CD1AF9CA4F002CB83C /* Droncon */ = {
			isa = PBXNativeTarget;
			buildConfigurationList = A5EB66ED1AF9CA50002CB83C /* Build configuration list for PBXNativeTarget "Droncon" */;
			buildPhases = (
				61E80E0D5369BA44410B8875 /* Check Pods Manifest.lock */,
				A5EB66CA1AF9CA4F002CB83C /* Sources */,
				A5EB66CB1AF9CA4F002CB83C /* Frameworks */,
				A5EB66CC1AF9CA4F002CB83C /* Resources */,
				1F0EFB086F89BAB10C5A697F /* Copy Pods Resources */,
			);
			buildRules = (
			);
			dependencies = (
			);
			name = Droncon;
			productName = Droncon;
			productReference = A5EB66CE1AF9CA4F002CB83C /* Droncon.app */;
			productType = "com.apple.product-type.application";
		};
/* End PBXNativeTarget section */

/* Begin PBXProject section */
		A5EB66C61AF9CA4F002CB83C /* Project object */ = {
			isa = PBXProject;
			attributes = {
				LastUpgradeCheck = 0630;
				ORGANIZATIONNAME = Ren;
				TargetAttributes = {
					A5EB66CD1AF9CA4F002CB83C = {
						CreatedOnToolsVersion = 6.3;
						DevelopmentTeam = N9KJV72CSL;
					};
				};
			};
			buildConfigurationList = A5EB66C91AF9CA4F002CB83C /* Build configuration list for PBXProject "Droncon" */;
			compatibilityVersion = "Xcode 3.2";
			developmentRegion = English;
			hasScannedForEncodings = 0;
			knownRegions = (
				en,
				Base,
			);
			mainGroup = A5EB66C51AF9CA4F002CB83C;
			productRefGroup = A5EB66CF1AF9CA4F002CB83C /* Products */;
			projectDirPath = "";
			projectRoot = "";
			targets = (
				A5EB66CD1AF9CA4F002CB83C /* Droncon */,
			);
		};
/* End PBXProject section */

/* Begin PBXResourcesBuildPhase section */
		A5EB66CC1AF9CA4F002CB83C /* Resources */ = {
			isa = PBXResourcesBuildPhase;
			buildActionMask = 2147483647;
			files = (
				A5EB66D91AF9CA4F002CB83C /* Main.storyboard in Resources */,
				A5EB66DB1AF9CA4F002CB83C /* Images.xcassets in Resources */,
			);
			runOnlyForDeploymentPostprocessing = 0;
		};
/* End PBXResourcesBuildPhase section */

/* Begin PBXShellScriptBuildPhase section */
		1F0EFB086F89BAB10C5A697F /* Copy Pods Resources */ = {
			isa = PBXShellScriptBuildPhase;
			buildActionMask = 2147483647;
			files = (
			);
			inputPaths = (
			);
			name = "Copy Pods Resources";
			outputPaths = (
			);
			runOnlyForDeploymentPostprocessing = 0;
			shellPath = /bin/sh;
			shellScript = "\"${SRCROOT}/Pods/Target Support Files/Pods-Droncon/Pods-Droncon-resources.sh\"\n";
			showEnvVarsInLog = 0;
		};
		61E80E0D5369BA44410B8875 /* Check Pods Manifest.lock */ = {
			isa = PBXShellScriptBuildPhase;
			buildActionMask = 2147483647;
			files = (
			);
			inputPaths = (
			);
			name = "Check Pods Manifest.lock";
			outputPaths = (
			);
			runOnlyForDeploymentPostprocessing = 0;
			shellPath = /bin/sh;
			shellScript = "diff \"${PODS_ROOT}/../Podfile.lock\" \"${PODS_ROOT}/Manifest.lock\" > /dev/null\nif [[ $? != 0 ]] ; then\n    cat << EOM\nerror: The sandbox is not in sync with the Podfile.lock. Run 'pod install' or update your CocoaPods installation.\nEOM\n    exit 1\nfi\n";
			showEnvVarsInLog = 0;
		};
/* End PBXShellScriptBuildPhase section */

/* Begin PBXSourcesBuildPhase section */
		A5EB66CA1AF9CA4F002CB83C /* Sources */ = {
			isa = PBXSourcesBuildPhase;
			buildActionMask = 2147483647;
			files = (
				A5FA6D711AF9FDDA0050FA12 /* SocketAdapter.swift in Sources */,
				A52F5A9D1B15B2620099C88C /* RKIndicatorLight.swift in Sources */,
				A54B558D1B077C400096570D /* PlanViewController.swift in Sources */,
				A5EB66D61AF9CA4F002CB83C /* ViewController.swift in Sources */,
				A5FA6D781AF9FE080050FA12 /* JSONKit.m in Sources */,
				A5EB66D41AF9CA4F002CB83C /* AppDelegate.swift in Sources */,
			);
			runOnlyForDeploymentPostprocessing = 0;
		};
/* End PBXSourcesBuildPhase section */

/* Begin PBXVariantGroup section */
		A5EB66D71AF9CA4F002CB83C /* Main.storyboard */ = {
			isa = PBXVariantGroup;
			children = (
				A5EB66D81AF9CA4F002CB83C /* Base */,
			);
			name = Main.storyboard;
			sourceTree = "<group>";
		};
/* End PBXVariantGroup section */

/* Begin XCBuildConfiguration section */
		A5EB66EB1AF9CA50002CB83C /* Debug */ = {
			isa = XCBuildConfiguration;
			buildSettings = {
				ALWAYS_SEARCH_USER_PATHS = NO;
				CLANG_CXX_LANGUAGE_STANDARD = "gnu++0x";
				CLANG_CXX_LIBRARY = "libc++";
				CLANG_ENABLE_MODULES = YES;
				CLANG_ENABLE_OBJC_ARC = YES;
				CLANG_WARN_BOOL_CONVERSION = YES;
				CLANG_WARN_CONSTANT_CONVERSION = YES;
				CLANG_WARN_DIRECT_OBJC_ISA_USAGE = YES_ERROR;
				CLANG_WARN_EMPTY_BODY = YES;
				CLANG_WARN_ENUM_CONVERSION = YES;
				CLANG_WARN_INT_CONVERSION = YES;
				CLANG_WARN_OBJC_ROOT_CLASS = YES_ERROR;
				CLANG_WARN_UNREACHABLE_CODE = YES;
				CLANG_WARN__DUPLICATE_METHOD_MATCH = YES;
				"CODE_SIGN_IDENTITY[sdk=iphoneos*]" = "iPhone Developer";
				COPY_PHASE_STRIP = NO;
				DEBUG_INFORMATION_FORMAT = "dwarf-with-dsym";
				ENABLE_STRICT_OBJC_MSGSEND = YES;
				GCC_C_LANGUAGE_STANDARD = gnu99;
				GCC_DYNAMIC_NO_PIC = NO;
				GCC_NO_COMMON_BLOCKS = YES;
				GCC_OPTIMIZATION_LEVEL = 0;
				GCC_PREPROCESSOR_DEFINITIONS = (
					"DEBUG=1",
					"$(inherited)",
				);
				GCC_SYMBOLS_PRIVATE_EXTERN = NO;
				GCC_WARN_64_TO_32_BIT_CONVERSION = YES;
				GCC_WARN_ABOUT_RETURN_TYPE = YES_ERROR;
				GCC_WARN_UNDECLARED_SELECTOR = YES;
				GCC_WARN_UNINITIALIZED_AUTOS = YES_AGGRESSIVE;
				GCC_WARN_UNUSED_FUNCTION = YES;
				GCC_WARN_UNUSED_VARIABLE = YES;
				IPHONEOS_DEPLOYMENT_TARGET = 8.3;
				MTL_ENABLE_DEBUG_INFO = YES;
				ONLY_ACTIVE_ARCH = YES;
				SDKROOT = iphoneos;
				SWIFT_OPTIMIZATION_LEVEL = "-Onone";
				TARGETED_DEVICE_FAMILY = "1,2";
			};
			name = Debug;
		};
		A5EB66EC1AF9CA50002CB83C /* Release */ = {
			isa = XCBuildConfiguration;
			buildSettings = {
				ALWAYS_SEARCH_USER_PATHS = NO;
				CLANG_CXX_LANGUAGE_STANDARD = "gnu++0x";
				CLANG_CXX_LIBRARY = "libc++";
				CLANG_ENABLE_MODULES = YES;
				CLANG_ENABLE_OBJC_ARC = YES;
				CLANG_WARN_BOOL_CONVERSION = YES;
				CLANG_WARN_CONSTANT_CONVERSION = YES;
				CLANG_WARN_DIRECT_OBJC_ISA_USAGE = YES_ERROR;
				CLANG_WARN_EMPTY_BODY = YES;
				CLANG_WARN_ENUM_CONVERSION = YES;
				CLANG_WARN_INT_CONVERSION = YES;
				CLANG_WARN_OBJC_ROOT_CLASS = YES_ERROR;
				CLANG_WARN_UNREACHABLE_CODE = YES;
				CLANG_WARN__DUPLICATE_METHOD_MATCH = YES;
				"CODE_SIGN_IDENTITY[sdk=iphoneos*]" = "iPhone Developer";
				COPY_PHASE_STRIP = NO;
				DEBUG_INFORMATION_FORMAT = "dwarf-with-dsym";
				ENABLE_NS_ASSERTIONS = NO;
				ENABLE_STRICT_OBJC_MSGSEND = YES;
				GCC_C_LANGUAGE_STANDARD = gnu99;
				GCC_NO_COMMON_BLOCKS = YES;
				GCC_WARN_64_TO_32_BIT_CONVERSION = YES;
				GCC_WARN_ABOUT_RETURN_TYPE = YES_ERROR;
				GCC_WARN_UNDECLARED_SELECTOR = YES;
				GCC_WARN_UNINITIALIZED_AUTOS = YES_AGGRESSIVE;
				GCC_WARN_UNUSED_FUNCTION = YES;
				GCC_WARN_UNUSED_VARIABLE = YES;
				IPHONEOS_DEPLOYMENT_TARGET = 8.3;
				MTL_ENABLE_DEBUG_INFO = NO;
				SDKROOT = iphoneos;
				TARGETED_DEVICE_FAMILY = "1,2";
				VALIDATE_PRODUCT = YES;
			};
			name = Release;
		};
		A5EB66EE1AF9CA50002CB83C /* Debug */ = {
			isa = XCBuildConfiguration;
			baseConfigurationReference = 82CC0CB015D9F4B4C2497026 /* Pods-Droncon.debug.xcconfig */;
			buildSettings = {
				ASSETCATALOG_COMPILER_APPICON_NAME = AppIcon;
				CLANG_ENABLE_MODULES = YES;
				CLANG_ENABLE_OBJC_ARC = NO;
				CODE_SIGN_IDENTITY = "iPhone Developer";
				INFOPLIST_FILE = Droncon/Info.plist;
				IPHONEOS_DEPLOYMENT_TARGET = 8.0;
				LD_RUNPATH_SEARCH_PATHS = "$(inherited) @executable_path/Frameworks";
				PRODUCT_NAME = "$(TARGET_NAME)";
				SWIFT_OBJC_BRIDGING_HEADER = "Droncon/Droncon-Bridging-Header.h";
				SWIFT_OPTIMIZATION_LEVEL = "-Onone";
			};
			name = Debug;
		};
		A5EB66EF1AF9CA50002CB83C /* Release */ = {
			isa = XCBuildConfiguration;
			baseConfigurationReference = E4F658EA91E6A88EA121E961 /* Pods-Droncon.release.xcconfig */;
			buildSettings = {
				ASSETCATALOG_COMPILER_APPICON_NAME = AppIcon;
				CLANG_ENABLE_MODULES = YES;
				CLANG_ENABLE_OBJC_ARC = NO;
				CODE_SIGN_IDENTITY = "iPhone Developer";
				INFOPLIST_FILE = Droncon/Info.plist;
				IPHONEOS_DEPLOYMENT_TARGET = 8.0;
				LD_RUNPATH_SEARCH_PATHS = "$(inherited) @executable_path/Frameworks";
				PRODUCT_NAME = "$(TARGET_NAME)";
				SWIFT_OBJC_BRIDGING_HEADER = "Droncon/Droncon-Bridging-Header.h";
			};
			name = Release;
		};
/* End XCBuildConfiguration section */

/* Begin XCConfigurationList section */
		A5EB66C91AF9CA4F002CB83C /* Build configuration list for PBXProject "Droncon" */ = {
			isa = XCConfigurationList;
			buildConfigurations = (
				A5EB66EB1AF9CA50002CB83C /* Debug */,
				A5EB66EC1AF9CA50002CB83C /* Release */,
			);
			defaultConfigurationIsVisible = 0;
			defaultConfigurationName = Release;
		};
		A5EB66ED1AF9CA50002CB83C /* Build configuration list for PBXNativeTarget "Droncon" */ = {
			isa = XCConfigurationList;
			buildConfigurations = (
				A5EB66EE1AF9CA50002CB83C /* Debug */,
				A5EB66EF1AF9CA50002CB83C /* Release */,
			);
			defaultConfigurationIsVisible = 0;
			defaultConfigurationName = Release;
		};
/* End XCConfigurationList section */
	};
	rootObject = A5EB66C61AF9CA4F002CB83C /* Project object */;
}
